// !$*UTF8*$!
{
	archiveVersion = 1;
	classes = {
	};
	objectVersion = 55;
	objects = {

/* Begin PBXBuildFile section */
		FC243C1728855759004A3917 /* AppDelegate.swift in Sources */ = {isa = PBXBuildFile; fileRef = FC243C1628855759004A3917 /* AppDelegate.swift */; };
		FC243C1928855759004A3917 /* SceneDelegate.swift in Sources */ = {isa = PBXBuildFile; fileRef = FC243C1828855759004A3917 /* SceneDelegate.swift */; };
		FC243C1B28855759004A3917 /* PostsViewController.swift in Sources */ = {isa = PBXBuildFile; fileRef = FC243C1A28855759004A3917 /* PostsViewController.swift */; };
		FC243C1E28855759004A3917 /* Main.storyboard in Resources */ = {isa = PBXBuildFile; fileRef = FC243C1C28855759004A3917 /* Main.storyboard */; };
		FC243C202885575B004A3917 /* Assets.xcassets in Resources */ = {isa = PBXBuildFile; fileRef = FC243C1F2885575B004A3917 /* Assets.xcassets */; };
		FC243C232885575B004A3917 /* LaunchScreen.storyboard in Resources */ = {isa = PBXBuildFile; fileRef = FC243C212885575B004A3917 /* LaunchScreen.storyboard */; };
		FC243C3828855C26004A3917 /* PostsData.swift in Sources */ = {isa = PBXBuildFile; fileRef = FC243C3728855C26004A3917 /* PostsData.swift */; };
		FC243C3A28855C49004A3917 /* PostsModel.swift in Sources */ = {isa = PBXBuildFile; fileRef = FC243C3928855C49004A3917 /* PostsModel.swift */; };
		FC243C3C28855C70004A3917 /* RequestManager.swift in Sources */ = {isa = PBXBuildFile; fileRef = FC243C3B28855C70004A3917 /* RequestManager.swift */; };
		FC243C3F2885630B004A3917 /* PostsCell.swift in Sources */ = {isa = PBXBuildFile; fileRef = FC243C3D2885630B004A3917 /* PostsCell.swift */; };
		FC243C402885630B004A3917 /* PostsCell.xib in Resources */ = {isa = PBXBuildFile; fileRef = FC243C3E2885630B004A3917 /* PostsCell.xib */; };
		FCA1B33E28856DD600290167 /* DetailViewController.swift in Sources */ = {isa = PBXBuildFile; fileRef = FCA1B33D28856DD600290167 /* DetailViewController.swift */; };
		FCA1B3412885704700290167 /* Kingfisher in Frameworks */ = {isa = PBXBuildFile; productRef = FCA1B3402885704700290167 /* Kingfisher */; };
/* End PBXBuildFile section */

/* Begin PBXFileReference section */
		FC243C1328855759004A3917 /* NatifeTestTask.app */ = {isa = PBXFileReference; explicitFileType = wrapper.application; includeInIndex = 0; path = NatifeTestTask.app; sourceTree = BUILT_PRODUCTS_DIR; };
		FC243C1628855759004A3917 /* AppDelegate.swift */ = {isa = PBXFileReference; lastKnownFileType = sourcecode.swift; path = AppDelegate.swift; sourceTree = "<group>"; };
		FC243C1828855759004A3917 /* SceneDelegate.swift */ = {isa = PBXFileReference; lastKnownFileType = sourcecode.swift; path = SceneDelegate.swift; sourceTree = "<group>"; };
		FC243C1A28855759004A3917 /* PostsViewController.swift */ = {isa = PBXFileReference; lastKnownFileType = sourcecode.swift; path = PostsViewController.swift; sourceTree = "<group>"; };
		FC243C1D28855759004A3917 /* Base */ = {isa = PBXFileReference; lastKnownFileType = file.storyboard; name = Base; path = Base.lproj/Main.storyboard; sourceTree = "<group>"; };
		FC243C1F2885575B004A3917 /* Assets.xcassets */ = {isa = PBXFileReference; lastKnownFileType = folder.assetcatalog; path = Assets.xcassets; sourceTree = "<group>"; };
		FC243C222885575B004A3917 /* Base */ = {isa = PBXFileReference; lastKnownFileType = file.storyboard; name = Base; path = Base.lproj/LaunchScreen.storyboard; sourceTree = "<group>"; };
		FC243C242885575B004A3917 /* Info.plist */ = {isa = PBXFileReference; lastKnownFileType = text.plist.xml; path = Info.plist; sourceTree = "<group>"; };
		FC243C3728855C26004A3917 /* PostsData.swift */ = {isa = PBXFileReference; lastKnownFileType = sourcecode.swift; path = PostsData.swift; sourceTree = "<group>"; };
		FC243C3928855C49004A3917 /* PostsModel.swift */ = {isa = PBXFileReference; lastKnownFileType = sourcecode.swift; path = PostsModel.swift; sourceTree = "<group>"; };
		FC243C3B28855C70004A3917 /* RequestManager.swift */ = {isa = PBXFileReference; lastKnownFileType = sourcecode.swift; path = RequestManager.swift; sourceTree = "<group>"; };
		FC243C3D2885630B004A3917 /* PostsCell.swift */ = {isa = PBXFileReference; lastKnownFileType = sourcecode.swift; path = PostsCell.swift; sourceTree = "<group>"; };
		FC243C3E2885630B004A3917 /* PostsCell.xib */ = {isa = PBXFileReference; lastKnownFileType = file.xib; path = PostsCell.xib; sourceTree = "<group>"; };
		FCA1B33D28856DD600290167 /* DetailViewController.swift */ = {isa = PBXFileReference; lastKnownFileType = sourcecode.swift; path = DetailViewController.swift; sourceTree = "<group>"; };
/* End PBXFileReference section */

/* Begin PBXFrameworksBuildPhase section */
		FC243C1028855759004A3917 /* Frameworks */ = {
			isa = PBXFrameworksBuildPhase;
			buildActionMask = 2147483647;
			files = (
				FCA1B3412885704700290167 /* Kingfisher in Frameworks */,
			);
			runOnlyForDeploymentPostprocessing = 0;
		};
/* End PBXFrameworksBuildPhase section */

/* Begin PBXGroup section */
		FC243C0A28855759004A3917 = {
			isa = PBXGroup;
			children = (
				FC243C1528855759004A3917 /* NatifeTestTask */,
				FC243C1428855759004A3917 /* Products */,
			);
			sourceTree = "<group>";
		};
		FC243C1428855759004A3917 /* Products */ = {
			isa = PBXGroup;
			children = (
				FC243C1328855759004A3917 /* NatifeTestTask.app */,
			);
			name = Products;
			sourceTree = "<group>";
		};
		FC243C1528855759004A3917 /* NatifeTestTask */ = {
			isa = PBXGroup;
			children = (
				FC243C3628855BF8004A3917 /* Model */,
				FC243C3528855BEB004A3917 /* View */,
				FC243C3428855BE2004A3917 /* Controlles */,
				FC243C1628855759004A3917 /* AppDelegate.swift */,
				FC243C1828855759004A3917 /* SceneDelegate.swift */,
				FC243C1F2885575B004A3917 /* Assets.xcassets */,
				FC243C212885575B004A3917 /* LaunchScreen.storyboard */,
				FC243C242885575B004A3917 /* Info.plist */,
			);
			path = NatifeTestTask;
			sourceTree = "<group>";
		};
		FC243C3428855BE2004A3917 /* Controlles */ = {
			isa = PBXGroup;
			children = (
				FC243C1A28855759004A3917 /* PostsViewController.swift */,
				FCA1B33D28856DD600290167 /* DetailViewController.swift */,
			);
			path = Controlles;
			sourceTree = "<group>";
		};
		FC243C3528855BEB004A3917 /* View */ = {
			isa = PBXGroup;
			children = (
				FC243C1C28855759004A3917 /* Main.storyboard */,
				FC243C3D2885630B004A3917 /* PostsCell.swift */,
				FC243C3E2885630B004A3917 /* PostsCell.xib */,
			);
			path = View;
			sourceTree = "<group>";
		};
		FC243C3628855BF8004A3917 /* Model */ = {
			isa = PBXGroup;
			children = (
				FC243C3728855C26004A3917 /* PostsData.swift */,
				FC243C3928855C49004A3917 /* PostsModel.swift */,
				FC243C3B28855C70004A3917 /* RequestManager.swift */,
			);
			path = Model;
			sourceTree = "<group>";
		};
/* End PBXGroup section */

/* Begin PBXNativeTarget section */
		FC243C1228855759004A3917 /* NatifeTestTask */ = {
			isa = PBXNativeTarget;
			buildConfigurationList = FC243C272885575B004A3917 /* Build configuration list for PBXNativeTarget "NatifeTestTask" */;
			buildPhases = (
				FC243C0F28855759004A3917 /* Sources */,
				FC243C1028855759004A3917 /* Frameworks */,
				FC243C1128855759004A3917 /* Resources */,
			);
			buildRules = (
			);
			dependencies = (
			);
			name = NatifeTestTask;
			packageProductDependencies = (
				FCA1B3402885704700290167 /* Kingfisher */,
			);
			productName = NatifeTestTask;
			productReference = FC243C1328855759004A3917 /* NatifeTestTask.app */;
			productType = "com.apple.product-type.application";
		};
/* End PBXNativeTarget section */

/* Begin PBXProject section */
		FC243C0B28855759004A3917 /* Project object */ = {
			isa = PBXProject;
			attributes = {
				BuildIndependentTargetsInParallel = 1;
				LastSwiftUpdateCheck = 1330;
				LastUpgradeCheck = 1330;
				TargetAttributes = {
					FC243C1228855759004A3917 = {
						CreatedOnToolsVersion = 13.3;
					};
				};
			};
			buildConfigurationList = FC243C0E28855759004A3917 /* Build configuration list for PBXProject "NatifeTestTask" */;
			compatibilityVersion = "Xcode 13.0";
			developmentRegion = en;
			hasScannedForEncodings = 0;
			knownRegions = (
				en,
				Base,
			);
			mainGroup = FC243C0A28855759004A3917;
			packageReferences = (
				FCA1B33F2885704700290167 /* XCRemoteSwiftPackageReference "Kingfisher" */,
			);
			productRefGroup = FC243C1428855759004A3917 /* Products */;
			projectDirPath = "";
			projectRoot = "";
			targets = (
				FC243C1228855759004A3917 /* NatifeTestTask */,
			);
		};
/* End PBXProject section */

/* Begin PBXResourcesBuildPhase section */
		FC243C1128855759004A3917 /* Resources */ = {
			isa = PBXResourcesBuildPhase;
			buildActionMask = 2147483647;
			files = (
				FC243C232885575B004A3917 /* LaunchScreen.storyboard in Resources */,
				FC243C202885575B004A3917 /* Assets.xcassets in Resources */,
				FC243C1E28855759004A3917 /* Main.storyboard in Resources */,
				FC243C402885630B004A3917 /* PostsCell.xib in Resources */,
			);
			runOnlyForDeploymentPostprocessing = 0;
		};
/* End PBXResourcesBuildPhase section */

/* Begin PBXSourcesBuildPhase section */
		FC243C0F28855759004A3917 /* Sources */ = {
			isa = PBXSourcesBuildPhase;
			buildActionMask = 2147483647;
			files = (
				FC243C3F2885630B004A3917 /* PostsCell.swift in Sources */,
				FC243C1B28855759004A3917 /* PostsViewController.swift in Sources */,
				FC243C3828855C26004A3917 /* PostsData.swift in Sources */,
				FC243C1728855759004A3917 /* AppDelegate.swift in Sources */,
				FC243C3C28855C70004A3917 /* RequestManager.swift in Sources */,
				FCA1B33E28856DD600290167 /* DetailViewController.swift in Sources */,
				FC243C3A28855C49004A3917 /* PostsModel.swift in Sources */,
				FC243C1928855759004A3917 /* SceneDelegate.swift in Sources */,
			);
			runOnlyForDeploymentPostprocessing = 0;
		};
/* End PBXSourcesBuildPhase section */

/* Begin PBXVariantGroup section */
		FC243C1C28855759004A3917 /* Main.storyboard */ = {
			isa = PBXVariantGroup;
			children = (
				FC243C1D28855759004A3917 /* Base */,
			);
			name = Main.storyboard;
			sourceTree = "<group>";
		};
		FC243C212885575B004A3917 /* LaunchScreen.storyboard */ = {
			isa = PBXVariantGroup;
			children = (
				FC243C222885575B004A3917 /* Base */,
			);
			name = LaunchScreen.storyboard;
			sourceTree = "<group>";
		};
/* End PBXVariantGroup section */

/* Begin XCBuildConfiguration section */
		FC243C252885575B004A3917 /* Debug */ = {
			isa = XCBuildConfiguration;
			buildSettings = {
				ALWAYS_SEARCH_USER_PATHS = NO;
				CLANG_ANALYZER_NONNULL = YES;
				CLANG_ANALYZER_NUMBER_OBJECT_CONVERSION = YES_AGGRESSIVE;
				CLANG_CXX_LANGUAGE_STANDARD = "gnu++17";
				CLANG_ENABLE_MODULES = YES;
				CLANG_ENABLE_OBJC_ARC = YES;
				CLANG_ENABLE_OBJC_WEAK = YES;
				CLANG_WARN_BLOCK_CAPTURE_AUTORELEASING = YES;
				CLANG_WARN_BOOL_CONVERSION = YES;
				CLANG_WARN_COMMA = YES;
				CLANG_WARN_CONSTANT_CONVERSION = YES;
				CLANG_WARN_DEPRECATED_OBJC_IMPLEMENTATIONS = YES;
				CLANG_WARN_DIRECT_OBJC_ISA_USAGE = YES_ERROR;
				CLANG_WARN_DOCUMENTATION_COMMENTS = YES;
				CLANG_WARN_EMPTY_BODY = YES;
				CLANG_WARN_ENUM_CONVERSION = YES;
				CLANG_WARN_INFINITE_RECURSION = YES;
				CLANG_WARN_INT_CONVERSION = YES;
				CLANG_WARN_NON_LITERAL_NULL_CONVERSION = YES;
				CLANG_WARN_OBJC_IMPLICIT_RETAIN_SELF = YES;
				CLANG_WARN_OBJC_LITERAL_CONVERSION = YES;
				CLANG_WARN_OBJC_ROOT_CLASS = YES_ERROR;
				CLANG_WARN_QUOTED_INCLUDE_IN_FRAMEWORK_HEADER = YES;
				CLANG_WARN_RANGE_LOOP_ANALYSIS = YES;
				CLANG_WARN_STRICT_PROTOTYPES = YES;
				CLANG_WARN_SUSPICIOUS_MOVE = YES;
				CLANG_WARN_UNGUARDED_AVAILABILITY = YES_AGGRESSIVE;
				CLANG_WARN_UNREACHABLE_CODE = YES;
				CLANG_WARN__DUPLICATE_METHOD_MATCH = YES;
				COPY_PHASE_STRIP = NO;
				DEBUG_INFORMATION_FORMAT = dwarf;
				ENABLE_STRICT_OBJC_MSGSEND = YES;
				ENABLE_TESTABILITY = YES;
				GCC_C_LANGUAGE_STANDARD = gnu11;
				GCC_DYNAMIC_NO_PIC = NO;
				GCC_NO_COMMON_BLOCKS = YES;
				GCC_OPTIMIZATION_LEVEL = 0;
				GCC_PREPROCESSOR_DEFINITIONS = (
					"DEBUG=1",
					"$(inherited)",
				);
				GCC_WARN_64_TO_32_BIT_CONVERSION = YES;
				GCC_WARN_ABOUT_RETURN_TYPE = YES_ERROR;
				GCC_WARN_UNDECLARED_SELECTOR = YES;
				GCC_WARN_UNINITIALIZED_AUTOS = YES_AGGRESSIVE;
				GCC_WARN_UNUSED_FUNCTION = YES;
				GCC_WARN_UNUSED_VARIABLE = YES;
				IPHONEOS_DEPLOYMENT_TARGET = 14.0;
				MTL_ENABLE_DEBUG_INFO = INCLUDE_SOURCE;
				MTL_FAST_MATH = YES;
				ONLY_ACTIVE_ARCH = YES;
				SDKROOT = iphoneos;
				SWIFT_ACTIVE_COMPILATION_CONDITIONS = DEBUG;
				SWIFT_OPTIMIZATION_LEVEL = "-Onone";
			};
			name = Debug;
		};
		FC243C262885575B004A3917 /* Release */ = {
			isa = XCBuildConfiguration;
			buildSettings = {
				ALWAYS_SEARCH_USER_PATHS = NO;
				CLANG_ANALYZER_NONNULL = YES;
				CLANG_ANALYZER_NUMBER_OBJECT_CONVERSION = YES_AGGRESSIVE;
				CLANG_CXX_LANGUAGE_STANDARD = "gnu++17";
				CLANG_ENABLE_MODULES = YES;
				CLANG_ENABLE_OBJC_ARC = YES;
				CLANG_ENABLE_OBJC_WEAK = YES;
				CLANG_WARN_BLOCK_CAPTURE_AUTORELEASING = YES;
				CLANG_WARN_BOOL_CONVERSION = YES;
				CLANG_WARN_COMMA = YES;
				CLANG_WARN_CONSTANT_CONVERSION = YES;
				CLANG_WARN_DEPRECATED_OBJC_IMPLEMENTATIONS = YES;
				CLANG_WARN_DIRECT_OBJC_ISA_USAGE = YES_ERROR;
				CLANG_WARN_DOCUMENTATION_COMMENTS = YES;
				CLANG_WARN_EMPTY_BODY = YES;
				CLANG_WARN_ENUM_CONVERSION = YES;
				CLANG_WARN_INFINITE_RECURSION = YES;
				CLANG_WARN_INT_CONVERSION = YES;
				CLANG_WARN_NON_LITERAL_NULL_CONVERSION = YES;
				CLANG_WARN_OBJC_IMPLICIT_RETAIN_SELF = YES;
				CLANG_WARN_OBJC_LITERAL_CONVERSION = YES;
				CLANG_WARN_OBJC_ROOT_CLASS = YES_ERROR;
				CLANG_WARN_QUOTED_INCLUDE_IN_FRAMEWORK_HEADER = YES;
				CLANG_WARN_RANGE_LOOP_ANALYSIS = YES;
				CLANG_WARN_STRICT_PROTOTYPES = YES;
				CLANG_WARN_SUSPICIOUS_MOVE = YES;
				CLANG_WARN_UNGUARDED_AVAILABILITY = YES_AGGRESSIVE;
				CLANG_WARN_UNREACHABLE_CODE = YES;
				CLANG_WARN__DUPLICATE_METHOD_MATCH = YES;
				COPY_PHASE_STRIP = NO;
				DEBUG_INFORMATION_FORMAT = "dwarf-with-dsym";
				ENABLE_NS_ASSERTIONS = NO;
				ENABLE_STRICT_OBJC_MSGSEND = YES;
				GCC_C_LANGUAGE_STANDARD = gnu11;
				GCC_NO_COMMON_BLOCKS = YES;
				GCC_WARN_64_TO_32_BIT_CONVERSION = YES;
				GCC_WARN_ABOUT_RETURN_TYPE = YES_ERROR;
				GCC_WARN_UNDECLARED_SELECTOR = YES;
				GCC_WARN_UNINITIALIZED_AUTOS = YES_AGGRESSIVE;
				GCC_WARN_UNUSED_FUNCTION = YES;
				GCC_WARN_UNUSED_VARIABLE = YES;
				IPHONEOS_DEPLOYMENT_TARGET = 14.0;
				MTL_ENABLE_DEBUG_INFO = NO;
				MTL_FAST_MATH = YES;
				SDKROOT = iphoneos;
				SWIFT_COMPILATION_MODE = wholemodule;
				SWIFT_OPTIMIZATION_LEVEL = "-O";
				VALIDATE_PRODUCT = YES;
			};
			name = Release;
		};
		FC243C282885575B004A3917 /* Debug */ = {
			isa = XCBuildConfiguration;
			buildSettings = {
				ASSETCATALOG_COMPILER_APPICON_NAME = AppIcon;
				ASSETCATALOG_COMPILER_GLOBAL_ACCENT_COLOR_NAME = AccentColor;
				CODE_SIGN_STYLE = Automatic;
				CURRENT_PROJECT_VERSION = 1;
				DEVELOPMENT_TEAM = C5PN73MFP3;
				GENERATE_INFOPLIST_FILE = YES;
				INFOPLIST_FILE = NatifeTestTask/Info.plist;
				INFOPLIST_KEY_UIApplicationSupportsIndirectInputEvents = YES;
				INFOPLIST_KEY_UILaunchStoryboardName = LaunchScreen;
				INFOPLIST_KEY_UIMainStoryboardFile = Main;
				INFOPLIST_KEY_UISupportedInterfaceOrientations = UIInterfaceOrientationPortrait;
				INFOPLIST_KEY_UISupportedInterfaceOrientations_iPad = "UIInterfaceOrientationPortrait UIInterfaceOrientationPortraitUpsideDown UIInterfaceOrientationLandscapeLeft UIInterfaceOrientationLandscapeRight";
				INFOPLIST_KEY_UISupportedInterfaceOrientations_iPhone = "UIInterfaceOrientationPortrait UIInterfaceOrientationLandscapeLeft UIInterfaceOrientationLandscapeRight";
				LD_RUNPATH_SEARCH_PATHS = (
					"$(inherited)",
					"@executable_path/Frameworks",
				);
				MARKETING_VERSION = 1.0;
				PRODUCT_BUNDLE_IDENTIFIER = com.IM88.NatifeTestTask;
				PRODUCT_NAME = "$(TARGET_NAME)";
				SWIFT_EMIT_LOC_STRINGS = YES;
				SWIFT_VERSION = 5.0;
				TARGETED_DEVICE_FAMILY = 1;
			};
			name = Debug;
		};
		FC243C292885575B004A3917 /* Release */ = {
			isa = XCBuildConfiguration;
			buildSettings = {
				ASSETCATALOG_COMPILER_APPICON_NAME = AppIcon;
				ASSETCATALOG_COMPILER_GLOBAL_ACCENT_COLOR_NAME = AccentColor;
				CODE_SIGN_STYLE = Automatic;
				CURRENT_PROJECT_VERSION = 1;
				DEVELOPMENT_TEAM = C5PN73MFP3;
				GENERATE_INFOPLIST_FILE = YES;
				INFOPLIST_FILE = NatifeTestTask/Info.plist;
				INFOPLIST_KEY_UIApplicationSupportsIndirectInputEvents = YES;
				INFOPLIST_KEY_UILaunchStoryboardName = LaunchScreen;
				INFOPLIST_KEY_UIMainStoryboardFile = Main;
				INFOPLIST_KEY_UISupportedInterfaceOrientations = UIInterfaceOrientationPortrait;
				INFOPLIST_KEY_UISupportedInterfaceOrientations_iPad = "UIInterfaceOrientationPortrait UIInterfaceOrientationPortraitUpsideDown UIInterfaceOrientationLandscapeLeft UIInterfaceOrientationLandscapeRight";
				INFOPLIST_KEY_UISupportedInterfaceOrientations_iPhone = "UIInterfaceOrientationPortrait UIInterfaceOrientationLandscapeLeft UIInterfaceOrientationLandscapeRight";
				LD_RUNPATH_SEARCH_PATHS = (
					"$(inherited)",
					"@executable_path/Frameworks",
				);
				MARKETING_VERSION = 1.0;
				PRODUCT_BUNDLE_IDENTIFIER = com.IM88.NatifeTestTask;
				PRODUCT_NAME = "$(TARGET_NAME)";
				SWIFT_EMIT_LOC_STRINGS = YES;
				SWIFT_VERSION = 5.0;
				TARGETED_DEVICE_FAMILY = 1;
			};
			name = Release;
		};
/* End XCBuildConfiguration section */

/* Begin XCConfigurationList section */
		FC243C0E28855759004A3917 /* Build configuration list for PBXProject "NatifeTestTask" */ = {
			isa = XCConfigurationList;
			buildConfigurations = (
				FC243C252885575B004A3917 /* Debug */,
				FC243C262885575B004A3917 /* Release */,
			);
			defaultConfigurationIsVisible = 0;
			defaultConfigurationName = Release;
		};
		FC243C272885575B004A3917 /* Build configuration list for PBXNativeTarget "NatifeTestTask" */ = {
			isa = XCConfigurationList;
			buildConfigurations = (
				FC243C282885575B004A3917 /* Debug */,
				FC243C292885575B004A3917 /* Release */,
			);
			defaultConfigurationIsVisible = 0;
			defaultConfigurationName = Release;
		};
/* End XCConfigurationList section */

/* Begin XCRemoteSwiftPackageReference section */
		FCA1B33F2885704700290167 /* XCRemoteSwiftPackageReference "Kingfisher" */ = {
			isa = XCRemoteSwiftPackageReference;
			repositoryURL = "https://github.com/onevcat/Kingfisher.git";
			requirement = {
				branch = master;
				kind = branch;
			};
		};
/* End XCRemoteSwiftPackageReference section */

/* Begin XCSwiftPackageProductDependency section */
		FCA1B3402885704700290167 /* Kingfisher */ = {
			isa = XCSwiftPackageProductDependency;
			package = FCA1B33F2885704700290167 /* XCRemoteSwiftPackageReference "Kingfisher" */;
			productName = Kingfisher;
		};
/* End XCSwiftPackageProductDependency section */
	};
	rootObject = FC243C0B28855759004A3917 /* Project object */;
}
